{
  "version": 4,
  "terraform_version": "1.12.2",
  "serial": 261,
  "lineage": "d6d967bd-b125-0a18-ad0e-7bb841e05816",
  "outputs": {
    "assignment_summary": {
      "value": {
        "defined_ips": 3,
        "defined_vmids": 3,
        "random_ips": 0,
        "random_vmids": 0,
        "total_vms": 3
      },
      "type": [
        "object",
        {
          "defined_ips": "number",
          "defined_vmids": "number",
          "random_ips": "number",
          "random_vmids": "number",
          "total_vms": "number"
        }
      ]
    },
    "created_vms": {
      "value": {
        "node10": {
          "cores": 2,
          "ip": "ip=10.200.0.80/24,gw=10.200.0.254",
          "memory": 4096,
          "name": "node10",
          "node": "orangepi5plus",
          "vmid": 12000
        },
        "node11": {
          "cores": 2,
          "ip": "ip=10.200.0.81/24,gw=10.200.0.254",
          "memory": 4096,
          "name": "node11",
          "node": "orangepi5plus",
          "vmid": 12001
        },
        "node12": {
          "cores": 2,
          "ip": "ip=10.200.0.82/24,gw=10.200.0.254",
          "memory": 4096,
          "name": "node12",
          "node": "orangepi5plus",
          "vmid": 12002
        }
      },
      "type": [
        "object",
        {
          "node10": [
            "object",
            {
              "cores": "number",
              "ip": "string",
              "memory": "number",
              "name": "string",
              "node": "string",
              "vmid": "number"
            }
          ],
          "node11": [
            "object",
            {
              "cores": "number",
              "ip": "string",
              "memory": "number",
              "name": "string",
              "node": "string",
              "vmid": "number"
            }
          ],
          "node12": [
            "object",
            {
              "cores": "number",
              "ip": "string",
              "memory": "number",
              "name": "string",
              "node": "string",
              "vmid": "number"
            }
          ]
        }
      ]
    },
    "vm_assignments": {
      "value": {
        "node10": {
          "ip_address": "10.200.0.80",
          "ip_source": "defined",
          "vmid": 12000,
          "vmid_source": "defined"
        },
        "node11": {
          "ip_address": "10.200.0.81",
          "ip_source": "defined",
          "vmid": 12001,
          "vmid_source": "defined"
        },
        "node12": {
          "ip_address": "10.200.0.82",
          "ip_source": "defined",
          "vmid": 12002,
          "vmid_source": "defined"
        }
      },
      "type": [
        "object",
        {
          "node10": [
            "object",
            {
              "ip_address": "string",
              "ip_source": "string",
              "vmid": "number",
              "vmid_source": "string"
            }
          ],
          "node11": [
            "object",
            {
              "ip_address": "string",
              "ip_source": "string",
              "vmid": "number",
              "vmid_source": "string"
            }
          ],
          "node12": [
            "object",
            {
              "ip_address": "string",
              "ip_source": "string",
              "vmid": "number",
              "vmid_source": "string"
            }
          ]
        }
      ]
    }
  },
  "resources": [
    {
      "mode": "managed",
      "type": "proxmox_vm_qemu",
      "name": "vms",
      "provider": "provider[\"registry.terraform.io/telmate/proxmox\"]",
      "instances": [
        {
          "index_key": "node10",
          "status": "tainted",
          "schema_version": 0,
          "attributes": {
            "additional_wait": 5,
            "agent": 0,
            "agent_timeout": null,
            "args": null,
            "automatic_reboot": true,
            "balloon": 0,
            "bios": "seabios",
            "boot": null,
            "bootdisk": null,
            "ci_wait": null,
            "cicustom": null,
            "cipassword": "$5$/HZS4GxE$N13RjjmJU/iXn2g9hjK.7z52TdMa981KZiaGj6l0vm8",
            "ciupgrade": false,
            "ciuser": "root",
            "clone": "t-centos9",
            "clone_wait": 10,
            "cores": 2,
            "cpu": "host",
            "default_ipv4_address": null,
            "default_ipv6_address": null,
            "define_connection_info": true,
            "desc": null,
            "disk": [],
            "disks": [
              {
                "ide": [
                  {
                    "ide0": [],
                    "ide1": [
                      {
                        "cdrom": [],
                        "cloudinit": [
                          {
                            "storage": "local"
                          }
                        ],
                        "disk": [],
                        "passthrough": []
                      }
                    ],
                    "ide2": [],
                    "ide3": []
                  }
                ],
                "sata": [],
                "scsi": [],
                "virtio": [
                  {
                    "virtio0": [
                      {
                        "cdrom": [],
                        "disk": [
                          {
                            "asyncio": "",
                            "backup": true,
                            "cache": "",
                            "discard": false,
                            "format": "raw",
                            "id": 0,
                            "iops_r_burst": 0,
                            "iops_r_burst_length": 0,
                            "iops_r_concurrent": 0,
                            "iops_wr_burst": 0,
                            "iops_wr_burst_length": 0,
                            "iops_wr_concurrent": 0,
                            "iothread": false,
                            "linked_disk_id": 0,
                            "mbps_r_burst": 0,
                            "mbps_r_concurrent": 0,
                            "mbps_wr_burst": 0,
                            "mbps_wr_concurrent": 0,
                            "readonly": false,
                            "replicate": false,
                            "serial": "",
                            "size": "32G",
                            "storage": "local",
                            "wwn": ""
                          }
                        ],
                        "passthrough": []
                      }
                    ],
                    "virtio1": [],
                    "virtio10": [],
                    "virtio11": [],
                    "virtio12": [],
                    "virtio13": [],
                    "virtio14": [],
                    "virtio15": [],
                    "virtio2": [],
                    "virtio3": [],
                    "virtio4": [],
                    "virtio5": [],
                    "virtio6": [],
                    "virtio7": [],
                    "virtio8": [],
                    "virtio9": []
                  }
                ]
              }
            ],
            "efidisk": [],
            "force_create": false,
            "force_recreate_on_change_of": null,
            "full_clone": true,
            "hagroup": null,
            "hastate": null,
            "hostpci": [],
            "hotplug": "network,disk,usb",
            "id": "orangepi5plus/qemu/12000",
            "ipconfig0": "ip=10.200.0.80/24,gw=10.200.0.254",
            "ipconfig1": null,
            "ipconfig10": null,
            "ipconfig11": null,
            "ipconfig12": null,
            "ipconfig13": null,
            "ipconfig14": null,
            "ipconfig15": null,
            "ipconfig2": null,
            "ipconfig3": null,
            "ipconfig4": null,
            "ipconfig5": null,
            "ipconfig6": null,
            "ipconfig7": null,
            "ipconfig8": null,
            "ipconfig9": null,
            "kvm": true,
            "linked_vmid": null,
            "machine": null,
            "memory": 4096,
            "name": "node10",
            "nameserver": "8.8.8.8",
            "network": [
              {
                "bridge": "vmbr0",
                "firewall": false,
                "link_down": false,
                "macaddr": "",
                "model": "virtio",
                "mtu": 0,
                "queues": 0,
                "rate": 0,
                "tag": -1
              }
            ],
            "numa": null,
            "onboot": false,
            "os_network_config": null,
            "os_type": null,
            "pool": null,
            "protection": false,
            "pxe": null,
            "qemu_os": null,
            "reboot_required": null,
            "scsihw": "virtio-scsi-pci",
            "searchdomain": "localhost.localdomain",
            "serial": [
              {
                "id": 0,
                "type": "socket"
              }
            ],
            "skip_ipv4": false,
            "skip_ipv6": false,
            "smbios": null,
            "sockets": 1,
            "ssh_forward_ip": null,
            "ssh_host": null,
            "ssh_port": null,
            "ssh_private_key": null,
            "ssh_user": null,
            "sshkeys": "ssh-rsa AAAAB3NzaC1yc2EAAAADAQABAAABgQCimmpqbCVR2pFNWmVbNuwpVSqkZSrINkmLrc1NFLqKUDYtNP8l65PbwcfN/y/Htpy1D7SpB1KrgUJR7CLtb759SUOL/+2C38qwnVItXvjsQDmnBR4VdZjcfLuDJVKjA+Dm3L7KkV3tyHmLnzkOkeM4lR3U2AAnyYqoFQ3U1yhra38z/VN8EYxSW07BUa0AeqwtfE48KMUWGUSQvl7DFOgS250IVAiUhmORY6V/YIeBmY2wQz6dESM2rd9C+DoSdOroTxiK9VRl5+yiXDRMdPHmlYoLA/uRFECO2lUE6qieAKPSentRXHL4x1SYRiiaTVGBMoqHHPr8SxMVqYkaIFJAwHPef/JSO3TlKHFhMRksgzrt/8HvJyps+ln4MwMk7WwJJNBLT+uxXZgulZ9DFLCcxW7MlqMFViEUprFosPEXKbRKs3i322Xnnr2nkd1mHiAQHbkeW6pS0KDkqy/SOJ8JTErveHA7QRZmeoMsWilbsB69aOX1N+sdVhHTvT6lkvM= root@bastion\nssh-rsa AAAAB3NzaC1yc2EAAAADAQABAAABgQDXuKLSiMAJFyGFt8AtQOYXGXuCppMMXrccjtT/BbuSVyyh20h1j+glVJX/6D0EapAy/nY+z/R13mVD3sUhovmOQttG6uCv9LGcGYMLJePTyT3Vzf/kZ66cK1q/iTdkmc9IqddjLX+MEzAmlcYs+CDFal/o+ZMeQLxLHORWWSwo/JTXOlgO/hQ2fgsNkxurfMGWVzntNr1GU+I1B59n1cXD7tzD/6CLklGDKMDBr8kOfkG/1dD2KBRHgUJ9pf0pD3ShK/KZGjN9Qru/to0t+XzW3G1eVfByqwxReQCDJlO/J+cln6wy5khY+DurIhgB6cenIvI0sDhT9nubKF4vgrDnK3aDJzgUmLv5/FKbbSvn2n2I1pg/hcAwgzMNd+plzEUUaTaoETjZyexYGIAqPVL7JmiyklTfvR5WaBDjcdaLNWHPyH0dXVa2I8BOo2A0B6zMXeErm2PjACn+maiBv0oJ3rPCC/S7HBof6wfFVDU+lnyKJEQlM3tRpCYsubujI7k= root@cicd\nssh-rsa AAAAB3NzaC1yc2EAAAADAQABAAABgQC1h/Ehx1Z6RvF5BAFFzSz0E4onUaUam3JYEnJs24UziiI6ww0XPVgvQTqIqBb3nGjrlQ+sSswXhjt/MQk7SimaELtF5YSzvO8Zp81f0cIA5wByUjJ2YGJkvEB8RW7/QwGcU5PEEjICC5Goy3XPlUgVUeOWKNALzIPVpW8gx2x9BGG23YPFMXmjrD9CaNBhnEvEByiltFvIrYkwcniKvI3XvfuZOUHOnoIQgEWtp63IwtQH3jnurViAxeDA/Uz7xG0SKrZV/neALBHoOQ8HFnzt/0x8XIyuUa0tOxE7KVukFZEB09m64PBxk3nvutexUXlk4JH8CvKLl3TseawaQyKbizL3XtYxD/ANqyXuTUxprFfj5N/YBaAage8xz9v3jungFht67USp6SayGHQJNUPTVj/VVZVoS6ReeYocqlkxS+tZEGFMWjgpu+7/wO7i8oXTSKFEXrRRycqX955Rqcgf+L0ean+JQelwXGoUrsftDAQLxRUYPooD+Zn6+NJqJK8= jenkins@cicd",
            "startup": null,
            "tablet": true,
            "tags": "terraform,node10",
            "target_node": "orangepi5plus",
            "target_nodes": null,
            "timeouts": null,
            "unused_disk": null,
            "usb": [],
            "vcpus": 2,
            "vga": [],
            "vm_state": "running",
            "vmid": 12000
          },
          "sensitive_attributes": [
            [
              {
                "type": "get_attr",
                "value": "cipassword"
              }
            ],
            [
              {
                "type": "get_attr",
                "value": "ssh_private_key"
              }
            ]
          ],
          "identity_schema_version": 0,
          "private": "eyJlMmJmYjczMC1lY2FhLTExZTYtOGY4OC0zNDM2M2JjN2M0YzAiOnsiY3JlYXRlIjoxMjAwMDAwMDAwMDAwLCJkZWZhdWx0IjoxMjAwMDAwMDAwMDAwLCJkZWxldGUiOjEyMDAwMDAwMDAwMDAsInJlYWQiOjEyMDAwMDAwMDAwMDAsInVwZGF0ZSI6MTIwMDAwMDAwMDAwMH19",
          "dependencies": [
            "random_integer.ip_octet",
            "random_integer.vmid"
          ]
        },
        {
          "index_key": "node11",
          "status": "tainted",
          "schema_version": 0,
          "attributes": {
            "additional_wait": 5,
            "agent": 0,
            "agent_timeout": null,
            "args": null,
            "automatic_reboot": true,
            "balloon": 0,
            "bios": "seabios",
            "boot": null,
            "bootdisk": null,
            "ci_wait": null,
            "cicustom": null,
            "cipassword": "$5$/HZS4GxE$N13RjjmJU/iXn2g9hjK.7z52TdMa981KZiaGj6l0vm8",
            "ciupgrade": false,
            "ciuser": "root",
            "clone": "t-centos9",
            "clone_wait": 10,
            "cores": 2,
            "cpu": "host",
            "default_ipv4_address": null,
            "default_ipv6_address": null,
            "define_connection_info": true,
            "desc": null,
            "disk": [],
            "disks": [
              {
                "ide": [
                  {
                    "ide0": [],
                    "ide1": [
                      {
                        "cdrom": [],
                        "cloudinit": [
                          {
                            "storage": "local"
                          }
                        ],
                        "disk": [],
                        "passthrough": []
                      }
                    ],
                    "ide2": [],
                    "ide3": []
                  }
                ],
                "sata": [],
                "scsi": [],
                "virtio": [
                  {
                    "virtio0": [
                      {
                        "cdrom": [],
                        "disk": [
                          {
                            "asyncio": "",
                            "backup": true,
                            "cache": "",
                            "discard": false,
                            "format": "raw",
                            "id": 0,
                            "iops_r_burst": 0,
                            "iops_r_burst_length": 0,
                            "iops_r_concurrent": 0,
                            "iops_wr_burst": 0,
                            "iops_wr_burst_length": 0,
                            "iops_wr_concurrent": 0,
                            "iothread": false,
                            "linked_disk_id": 0,
                            "mbps_r_burst": 0,
                            "mbps_r_concurrent": 0,
                            "mbps_wr_burst": 0,
                            "mbps_wr_concurrent": 0,
                            "readonly": false,
                            "replicate": false,
                            "serial": "",
                            "size": "32G",
                            "storage": "local",
                            "wwn": ""
                          }
                        ],
                        "passthrough": []
                      }
                    ],
                    "virtio1": [],
                    "virtio10": [],
                    "virtio11": [],
                    "virtio12": [],
                    "virtio13": [],
                    "virtio14": [],
                    "virtio15": [],
                    "virtio2": [],
                    "virtio3": [],
                    "virtio4": [],
                    "virtio5": [],
                    "virtio6": [],
                    "virtio7": [],
                    "virtio8": [],
                    "virtio9": []
                  }
                ]
              }
            ],
            "efidisk": [],
            "force_create": false,
            "force_recreate_on_change_of": null,
            "full_clone": true,
            "hagroup": null,
            "hastate": null,
            "hostpci": [],
            "hotplug": "network,disk,usb",
            "id": "orangepi5plus/qemu/12001",
            "ipconfig0": "ip=10.200.0.81/24,gw=10.200.0.254",
            "ipconfig1": null,
            "ipconfig10": null,
            "ipconfig11": null,
            "ipconfig12": null,
            "ipconfig13": null,
            "ipconfig14": null,
            "ipconfig15": null,
            "ipconfig2": null,
            "ipconfig3": null,
            "ipconfig4": null,
            "ipconfig5": null,
            "ipconfig6": null,
            "ipconfig7": null,
            "ipconfig8": null,
            "ipconfig9": null,
            "kvm": true,
            "linked_vmid": null,
            "machine": null,
            "memory": 4096,
            "name": "node11",
            "nameserver": "8.8.8.8",
            "network": [
              {
                "bridge": "vmbr0",
                "firewall": false,
                "link_down": false,
                "macaddr": "",
                "model": "virtio",
                "mtu": 0,
                "queues": 0,
                "rate": 0,
                "tag": -1
              }
            ],
            "numa": null,
            "onboot": false,
            "os_network_config": null,
            "os_type": null,
            "pool": null,
            "protection": false,
            "pxe": null,
            "qemu_os": null,
            "reboot_required": null,
            "scsihw": "virtio-scsi-pci",
            "searchdomain": "localhost.localdomain",
            "serial": [
              {
                "id": 0,
                "type": "socket"
              }
            ],
            "skip_ipv4": false,
            "skip_ipv6": false,
            "smbios": null,
            "sockets": 1,
            "ssh_forward_ip": null,
            "ssh_host": null,
            "ssh_port": null,
            "ssh_private_key": null,
            "ssh_user": null,
            "sshkeys": "ssh-rsa AAAAB3NzaC1yc2EAAAADAQABAAABgQCimmpqbCVR2pFNWmVbNuwpVSqkZSrINkmLrc1NFLqKUDYtNP8l65PbwcfN/y/Htpy1D7SpB1KrgUJR7CLtb759SUOL/+2C38qwnVItXvjsQDmnBR4VdZjcfLuDJVKjA+Dm3L7KkV3tyHmLnzkOkeM4lR3U2AAnyYqoFQ3U1yhra38z/VN8EYxSW07BUa0AeqwtfE48KMUWGUSQvl7DFOgS250IVAiUhmORY6V/YIeBmY2wQz6dESM2rd9C+DoSdOroTxiK9VRl5+yiXDRMdPHmlYoLA/uRFECO2lUE6qieAKPSentRXHL4x1SYRiiaTVGBMoqHHPr8SxMVqYkaIFJAwHPef/JSO3TlKHFhMRksgzrt/8HvJyps+ln4MwMk7WwJJNBLT+uxXZgulZ9DFLCcxW7MlqMFViEUprFosPEXKbRKs3i322Xnnr2nkd1mHiAQHbkeW6pS0KDkqy/SOJ8JTErveHA7QRZmeoMsWilbsB69aOX1N+sdVhHTvT6lkvM= root@bastion\nssh-rsa AAAAB3NzaC1yc2EAAAADAQABAAABgQDXuKLSiMAJFyGFt8AtQOYXGXuCppMMXrccjtT/BbuSVyyh20h1j+glVJX/6D0EapAy/nY+z/R13mVD3sUhovmOQttG6uCv9LGcGYMLJePTyT3Vzf/kZ66cK1q/iTdkmc9IqddjLX+MEzAmlcYs+CDFal/o+ZMeQLxLHORWWSwo/JTXOlgO/hQ2fgsNkxurfMGWVzntNr1GU+I1B59n1cXD7tzD/6CLklGDKMDBr8kOfkG/1dD2KBRHgUJ9pf0pD3ShK/KZGjN9Qru/to0t+XzW3G1eVfByqwxReQCDJlO/J+cln6wy5khY+DurIhgB6cenIvI0sDhT9nubKF4vgrDnK3aDJzgUmLv5/FKbbSvn2n2I1pg/hcAwgzMNd+plzEUUaTaoETjZyexYGIAqPVL7JmiyklTfvR5WaBDjcdaLNWHPyH0dXVa2I8BOo2A0B6zMXeErm2PjACn+maiBv0oJ3rPCC/S7HBof6wfFVDU+lnyKJEQlM3tRpCYsubujI7k= root@cicd\nssh-rsa AAAAB3NzaC1yc2EAAAADAQABAAABgQC1h/Ehx1Z6RvF5BAFFzSz0E4onUaUam3JYEnJs24UziiI6ww0XPVgvQTqIqBb3nGjrlQ+sSswXhjt/MQk7SimaELtF5YSzvO8Zp81f0cIA5wByUjJ2YGJkvEB8RW7/QwGcU5PEEjICC5Goy3XPlUgVUeOWKNALzIPVpW8gx2x9BGG23YPFMXmjrD9CaNBhnEvEByiltFvIrYkwcniKvI3XvfuZOUHOnoIQgEWtp63IwtQH3jnurViAxeDA/Uz7xG0SKrZV/neALBHoOQ8HFnzt/0x8XIyuUa0tOxE7KVukFZEB09m64PBxk3nvutexUXlk4JH8CvKLl3TseawaQyKbizL3XtYxD/ANqyXuTUxprFfj5N/YBaAage8xz9v3jungFht67USp6SayGHQJNUPTVj/VVZVoS6ReeYocqlkxS+tZEGFMWjgpu+7/wO7i8oXTSKFEXrRRycqX955Rqcgf+L0ean+JQelwXGoUrsftDAQLxRUYPooD+Zn6+NJqJK8= jenkins@cicd",
            "startup": null,
            "tablet": true,
            "tags": "terraform,node11",
            "target_node": "orangepi5plus",
            "target_nodes": null,
            "timeouts": null,
            "unused_disk": null,
            "usb": [],
            "vcpus": 2,
            "vga": [],
            "vm_state": "running",
            "vmid": 12001
          },
          "sensitive_attributes": [
            [
              {
                "type": "get_attr",
                "value": "cipassword"
              }
            ],
            [
              {
                "type": "get_attr",
                "value": "ssh_private_key"
              }
            ]
          ],
          "identity_schema_version": 0,
          "private": "eyJlMmJmYjczMC1lY2FhLTExZTYtOGY4OC0zNDM2M2JjN2M0YzAiOnsiY3JlYXRlIjoxMjAwMDAwMDAwMDAwLCJkZWZhdWx0IjoxMjAwMDAwMDAwMDAwLCJkZWxldGUiOjEyMDAwMDAwMDAwMDAsInJlYWQiOjEyMDAwMDAwMDAwMDAsInVwZGF0ZSI6MTIwMDAwMDAwMDAwMH19",
          "dependencies": [
            "random_integer.ip_octet",
            "random_integer.vmid"
          ]
        },
        {
          "index_key": "node12",
          "status": "tainted",
          "schema_version": 0,
          "attributes": {
            "additional_wait": 5,
            "agent": 0,
            "agent_timeout": null,
            "args": null,
            "automatic_reboot": true,
            "balloon": 0,
            "bios": "seabios",
            "boot": null,
            "bootdisk": null,
            "ci_wait": null,
            "cicustom": null,
            "cipassword": "$5$/HZS4GxE$N13RjjmJU/iXn2g9hjK.7z52TdMa981KZiaGj6l0vm8",
            "ciupgrade": false,
            "ciuser": "root",
            "clone": "t-centos9",
            "clone_wait": 10,
            "cores": 2,
            "cpu": "host",
            "default_ipv4_address": null,
            "default_ipv6_address": null,
            "define_connection_info": true,
            "desc": null,
            "disk": [],
            "disks": [
              {
                "ide": [
                  {
                    "ide0": [],
                    "ide1": [
                      {
                        "cdrom": [],
                        "cloudinit": [
                          {
                            "storage": "local"
                          }
                        ],
                        "disk": [],
                        "passthrough": []
                      }
                    ],
                    "ide2": [],
                    "ide3": []
                  }
                ],
                "sata": [],
                "scsi": [],
                "virtio": [
                  {
                    "virtio0": [
                      {
                        "cdrom": [],
                        "disk": [
                          {
                            "asyncio": "",
                            "backup": true,
                            "cache": "",
                            "discard": false,
                            "format": "raw",
                            "id": 0,
                            "iops_r_burst": 0,
                            "iops_r_burst_length": 0,
                            "iops_r_concurrent": 0,
                            "iops_wr_burst": 0,
                            "iops_wr_burst_length": 0,
                            "iops_wr_concurrent": 0,
                            "iothread": false,
                            "linked_disk_id": 0,
                            "mbps_r_burst": 0,
                            "mbps_r_concurrent": 0,
                            "mbps_wr_burst": 0,
                            "mbps_wr_concurrent": 0,
                            "readonly": false,
                            "replicate": false,
                            "serial": "",
                            "size": "32G",
                            "storage": "local",
                            "wwn": ""
                          }
                        ],
                        "passthrough": []
                      }
                    ],
                    "virtio1": [],
                    "virtio10": [],
                    "virtio11": [],
                    "virtio12": [],
                    "virtio13": [],
                    "virtio14": [],
                    "virtio15": [],
                    "virtio2": [],
                    "virtio3": [],
                    "virtio4": [],
                    "virtio5": [],
                    "virtio6": [],
                    "virtio7": [],
                    "virtio8": [],
                    "virtio9": []
                  }
                ]
              }
            ],
            "efidisk": [],
            "force_create": false,
            "force_recreate_on_change_of": null,
            "full_clone": true,
            "hagroup": null,
            "hastate": null,
            "hostpci": [],
            "hotplug": "network,disk,usb",
            "id": "orangepi5plus/qemu/12002",
            "ipconfig0": "ip=10.200.0.82/24,gw=10.200.0.254",
            "ipconfig1": null,
            "ipconfig10": null,
            "ipconfig11": null,
            "ipconfig12": null,
            "ipconfig13": null,
            "ipconfig14": null,
            "ipconfig15": null,
            "ipconfig2": null,
            "ipconfig3": null,
            "ipconfig4": null,
            "ipconfig5": null,
            "ipconfig6": null,
            "ipconfig7": null,
            "ipconfig8": null,
            "ipconfig9": null,
            "kvm": true,
            "linked_vmid": null,
            "machine": null,
            "memory": 4096,
            "name": "node12",
            "nameserver": "8.8.8.8",
            "network": [
              {
                "bridge": "vmbr0",
                "firewall": false,
                "link_down": false,
                "macaddr": "",
                "model": "virtio",
                "mtu": 0,
                "queues": 0,
                "rate": 0,
                "tag": -1
              }
            ],
            "numa": null,
            "onboot": false,
            "os_network_config": null,
            "os_type": null,
            "pool": null,
            "protection": false,
            "pxe": null,
            "qemu_os": null,
            "reboot_required": null,
            "scsihw": "virtio-scsi-pci",
            "searchdomain": "localhost.localdomain",
            "serial": [
              {
                "id": 0,
                "type": "socket"
              }
            ],
            "skip_ipv4": false,
            "skip_ipv6": false,
            "smbios": null,
            "sockets": 1,
            "ssh_forward_ip": null,
            "ssh_host": null,
            "ssh_port": null,
            "ssh_private_key": null,
            "ssh_user": null,
            "sshkeys": "ssh-rsa AAAAB3NzaC1yc2EAAAADAQABAAABgQCimmpqbCVR2pFNWmVbNuwpVSqkZSrINkmLrc1NFLqKUDYtNP8l65PbwcfN/y/Htpy1D7SpB1KrgUJR7CLtb759SUOL/+2C38qwnVItXvjsQDmnBR4VdZjcfLuDJVKjA+Dm3L7KkV3tyHmLnzkOkeM4lR3U2AAnyYqoFQ3U1yhra38z/VN8EYxSW07BUa0AeqwtfE48KMUWGUSQvl7DFOgS250IVAiUhmORY6V/YIeBmY2wQz6dESM2rd9C+DoSdOroTxiK9VRl5+yiXDRMdPHmlYoLA/uRFECO2lUE6qieAKPSentRXHL4x1SYRiiaTVGBMoqHHPr8SxMVqYkaIFJAwHPef/JSO3TlKHFhMRksgzrt/8HvJyps+ln4MwMk7WwJJNBLT+uxXZgulZ9DFLCcxW7MlqMFViEUprFosPEXKbRKs3i322Xnnr2nkd1mHiAQHbkeW6pS0KDkqy/SOJ8JTErveHA7QRZmeoMsWilbsB69aOX1N+sdVhHTvT6lkvM= root@bastion\nssh-rsa AAAAB3NzaC1yc2EAAAADAQABAAABgQDXuKLSiMAJFyGFt8AtQOYXGXuCppMMXrccjtT/BbuSVyyh20h1j+glVJX/6D0EapAy/nY+z/R13mVD3sUhovmOQttG6uCv9LGcGYMLJePTyT3Vzf/kZ66cK1q/iTdkmc9IqddjLX+MEzAmlcYs+CDFal/o+ZMeQLxLHORWWSwo/JTXOlgO/hQ2fgsNkxurfMGWVzntNr1GU+I1B59n1cXD7tzD/6CLklGDKMDBr8kOfkG/1dD2KBRHgUJ9pf0pD3ShK/KZGjN9Qru/to0t+XzW3G1eVfByqwxReQCDJlO/J+cln6wy5khY+DurIhgB6cenIvI0sDhT9nubKF4vgrDnK3aDJzgUmLv5/FKbbSvn2n2I1pg/hcAwgzMNd+plzEUUaTaoETjZyexYGIAqPVL7JmiyklTfvR5WaBDjcdaLNWHPyH0dXVa2I8BOo2A0B6zMXeErm2PjACn+maiBv0oJ3rPCC/S7HBof6wfFVDU+lnyKJEQlM3tRpCYsubujI7k= root@cicd\nssh-rsa AAAAB3NzaC1yc2EAAAADAQABAAABgQC1h/Ehx1Z6RvF5BAFFzSz0E4onUaUam3JYEnJs24UziiI6ww0XPVgvQTqIqBb3nGjrlQ+sSswXhjt/MQk7SimaELtF5YSzvO8Zp81f0cIA5wByUjJ2YGJkvEB8RW7/QwGcU5PEEjICC5Goy3XPlUgVUeOWKNALzIPVpW8gx2x9BGG23YPFMXmjrD9CaNBhnEvEByiltFvIrYkwcniKvI3XvfuZOUHOnoIQgEWtp63IwtQH3jnurViAxeDA/Uz7xG0SKrZV/neALBHoOQ8HFnzt/0x8XIyuUa0tOxE7KVukFZEB09m64PBxk3nvutexUXlk4JH8CvKLl3TseawaQyKbizL3XtYxD/ANqyXuTUxprFfj5N/YBaAage8xz9v3jungFht67USp6SayGHQJNUPTVj/VVZVoS6ReeYocqlkxS+tZEGFMWjgpu+7/wO7i8oXTSKFEXrRRycqX955Rqcgf+L0ean+JQelwXGoUrsftDAQLxRUYPooD+Zn6+NJqJK8= jenkins@cicd",
            "startup": null,
            "tablet": true,
            "tags": "terraform,node12",
            "target_node": "orangepi5plus",
            "target_nodes": null,
            "timeouts": null,
            "unused_disk": null,
            "usb": [],
            "vcpus": 2,
            "vga": [],
            "vm_state": "running",
            "vmid": 12002
          },
          "sensitive_attributes": [
            [
              {
                "type": "get_attr",
                "value": "cipassword"
              }
            ],
            [
              {
                "type": "get_attr",
                "value": "ssh_private_key"
              }
            ]
          ],
          "identity_schema_version": 0,
          "private": "eyJlMmJmYjczMC1lY2FhLTExZTYtOGY4OC0zNDM2M2JjN2M0YzAiOnsiY3JlYXRlIjoxMjAwMDAwMDAwMDAwLCJkZWZhdWx0IjoxMjAwMDAwMDAwMDAwLCJkZWxldGUiOjEyMDAwMDAwMDAwMDAsInJlYWQiOjEyMDAwMDAwMDAwMDAsInVwZGF0ZSI6MTIwMDAwMDAwMDAwMH19",
          "dependencies": [
            "random_integer.ip_octet",
            "random_integer.vmid"
          ]
        }
      ]
    },
    {
      "mode": "managed",
      "type": "random_integer",
      "name": "ip_octet",
      "provider": "provider[\"registry.terraform.io/hashicorp/random\"]",
      "instances": []
    },
    {
      "mode": "managed",
      "type": "random_integer",
      "name": "vmid",
      "provider": "provider[\"registry.terraform.io/hashicorp/random\"]",
      "instances": []
    }
  ],
  "check_results": null
}
