{
  "version": 4,
  "terraform_version": "1.12.2",
  "serial": 303,
  "lineage": "d6d967bd-b125-0a18-ad0e-7bb841e05816",
  "outputs": {
    "ansible_inventory_ini": {
      "value": "[all:vars]\nansible_user=root\nansible_ssh_common_args='-o StrictHostKeyChecking=no'\n\n[kube_masters]\nkube-master-5qrqn91v01i4 ansible_host=10.200.0.33 vmid=15697\n\n[kube_workers]\nkube-worker01-5qrqn91v01i4 ansible_host=10.200.0.34 vmid=15698\nkube-worker02-5qrqn91v01i4 ansible_host=10.200.0.35 vmid=15699\n\n[kube_all:children]\nkube_masters\nkube_workers\n",
      "type": "string"
    },
    "ansible_inventory_json": {
      "value": "{\"all\":{\"vars\":{\"ansible_ssh_common_args\":\"-o StrictHostKeyChecking=no\",\"ansible_user\":\"root\",\"container_runtime\":\"containerd\",\"control_plane_endpoint\":\"10.200.0.33:6443\",\"is_ha_cluster\":false,\"kubernetes_version\":\"1.28.0\",\"master_count\":1,\"pod_network_cidr\":\"10.244.0.0/16\",\"service_cidr\":\"10.96.0.0/12\"}},\"k8s_cluster\":{\"children\":{\"k8s_masters\":{},\"k8s_workers\":{}}},\"k8s_masters\":{\"hosts\":{\"kube-master-5qrqn91v01i4\":{\"ansible_host\":\"10.200.0.33\",\"node\":\"thinkcentre\",\"original_name\":\"kube-master\",\"template\":\"t-centos9-86\",\"vmid\":15697}}},\"k8s_workers\":{\"hosts\":{\"kube-worker01-5qrqn91v01i4\":{\"ansible_host\":\"10.200.0.34\",\"node\":\"thinkcentre\",\"original_name\":\"kube-worker01\",\"template\":\"t-centos9-86\",\"vmid\":15698},\"kube-worker02-5qrqn91v01i4\":{\"ansible_host\":\"10.200.0.35\",\"node\":\"thinkcentre\",\"original_name\":\"kube-worker02\",\"template\":\"t-centos9-86\",\"vmid\":15699}}}}",
      "type": "string"
    },
    "assignment_summary": {
      "value": {
        "defined_ips": 0,
        "defined_vmids": 0,
        "ip_base": 33,
        "sequential_ips": 3,
        "sequential_vmids": 3,
        "shared_suffix": "5qrqn91v01i4",
        "total_vms": 3,
        "vmid_base": 15697
      },
      "type": [
        "object",
        {
          "defined_ips": "number",
          "defined_vmids": "number",
          "ip_base": "number",
          "sequential_ips": "number",
          "sequential_vmids": "number",
          "shared_suffix": "string",
          "total_vms": "number",
          "vmid_base": "number"
        }
      ]
    },
    "created_vms": {
      "value": {
        "kube-master": {
          "cores": 2,
          "final_name": "kube-master-5qrqn91v01i4",
          "ip": "ip=10.200.0.33/24,gw=10.200.0.254",
          "memory": 4096,
          "node": "thinkcentre",
          "original_name": "kube-master",
          "vmid": 15697
        },
        "kube-worker01": {
          "cores": 2,
          "final_name": "kube-worker01-5qrqn91v01i4",
          "ip": "ip=10.200.0.34/24,gw=10.200.0.254",
          "memory": 4096,
          "node": "thinkcentre",
          "original_name": "kube-worker01",
          "vmid": 15698
        },
        "kube-worker02": {
          "cores": 2,
          "final_name": "kube-worker02-5qrqn91v01i4",
          "ip": "ip=10.200.0.35/24,gw=10.200.0.254",
          "memory": 4096,
          "node": "thinkcentre",
          "original_name": "kube-worker02",
          "vmid": 15699
        }
      },
      "type": [
        "object",
        {
          "kube-master": [
            "object",
            {
              "cores": "number",
              "final_name": "string",
              "ip": "string",
              "memory": "number",
              "node": "string",
              "original_name": "string",
              "vmid": "number"
            }
          ],
          "kube-worker01": [
            "object",
            {
              "cores": "number",
              "final_name": "string",
              "ip": "string",
              "memory": "number",
              "node": "string",
              "original_name": "string",
              "vmid": "number"
            }
          ],
          "kube-worker02": [
            "object",
            {
              "cores": "number",
              "final_name": "string",
              "ip": "string",
              "memory": "number",
              "node": "string",
              "original_name": "string",
              "vmid": "number"
            }
          ]
        }
      ]
    },
    "vm_assignments": {
      "value": {
        "kube-master": {
          "final_name": "kube-master-5qrqn91v01i4",
          "ip_address": "10.200.0.33",
          "ip_source": "sequential",
          "original_name": "kube-master",
          "random_suffix": "5qrqn91v01i4",
          "vmid": 15697,
          "vmid_source": "sequential"
        },
        "kube-worker01": {
          "final_name": "kube-worker01-5qrqn91v01i4",
          "ip_address": "10.200.0.34",
          "ip_source": "sequential",
          "original_name": "kube-worker01",
          "random_suffix": "5qrqn91v01i4",
          "vmid": 15698,
          "vmid_source": "sequential"
        },
        "kube-worker02": {
          "final_name": "kube-worker02-5qrqn91v01i4",
          "ip_address": "10.200.0.35",
          "ip_source": "sequential",
          "original_name": "kube-worker02",
          "random_suffix": "5qrqn91v01i4",
          "vmid": 15699,
          "vmid_source": "sequential"
        }
      },
      "type": [
        "object",
        {
          "kube-master": [
            "object",
            {
              "final_name": "string",
              "ip_address": "string",
              "ip_source": "string",
              "original_name": "string",
              "random_suffix": "string",
              "vmid": "number",
              "vmid_source": "string"
            }
          ],
          "kube-worker01": [
            "object",
            {
              "final_name": "string",
              "ip_address": "string",
              "ip_source": "string",
              "original_name": "string",
              "random_suffix": "string",
              "vmid": "number",
              "vmid_source": "string"
            }
          ],
          "kube-worker02": [
            "object",
            {
              "final_name": "string",
              "ip_address": "string",
              "ip_source": "string",
              "original_name": "string",
              "random_suffix": "string",
              "vmid": "number",
              "vmid_source": "string"
            }
          ]
        }
      ]
    }
  },
  "resources": [
    {
      "mode": "managed",
      "type": "local_file",
      "name": "vms_csv",
      "provider": "provider[\"registry.terraform.io/hashicorp/local\"]",
      "instances": [
        {
          "schema_version": 0,
          "attributes": {
            "content": "vmid,vm_name,template,node,ip,cores,memory,disk_size\n15697,kube-master,t-centos9-86,thinkcentre,10.200.0.33,2,4096,32G\n15698,kube-worker01,t-centos9-86,thinkcentre,10.200.0.34,2,4096,32G\n15699,kube-worker02,t-centos9-86,thinkcentre,10.200.0.35,2,4096,32G\n",
            "content_base64": null,
            "content_base64sha256": "bCdjzp49LufF5gMAd9n8wRDviCZWZFa48mzMB4RJedY=",
            "content_base64sha512": "p+Y5/Vq5QSmB224Gqbrus83Od9DDXweMQNnC/ty8zY7ayZtzXvgjztdLiWkGVGFmzCj0SsxPd76th+l+9UXVHg==",
            "content_md5": "e4dc977d2103c25fce01c1cf573bea94",
            "content_sha1": "fdd8ab986c43660649dfa2f6cd602e2af889ff3e",
            "content_sha256": "6c2763ce9e3d2ee7c5e6030077d9fcc110ef8826566456b8f26ccc07844979d6",
            "content_sha512": "a7e639fd5ab9412981db6e06a9baeeb3cdce77d0c35f078c40d9c2fedcbccd8edac99b735ef823ced74b896906546166cc28f44acc4f77bead87e97ef545d51e",
            "directory_permission": "0777",
            "file_permission": "0777",
            "filename": "./vms.csv",
            "id": "fdd8ab986c43660649dfa2f6cd602e2af889ff3e",
            "sensitive_content": null,
            "source": null
          },
          "sensitive_attributes": [
            [
              {
                "type": "get_attr",
                "value": "sensitive_content"
              }
            ]
          ],
          "identity_schema_version": 0,
          "dependencies": [
            "proxmox_vm_qemu.vms",
            "random_integer.ip_base",
            "random_integer.vmid_base",
            "random_string.vm_suffix"
          ]
        }
      ]
    },
    {
      "mode": "managed",
      "type": "proxmox_vm_qemu",
      "name": "vms",
      "provider": "provider[\"registry.terraform.io/telmate/proxmox\"]",
      "instances": [
        {
          "index_key": "kube-master",
          "schema_version": 0,
          "attributes": {
            "additional_wait": 30,
            "agent": 1,
            "agent_timeout": null,
            "args": "",
            "automatic_reboot": true,
            "balloon": 0,
            "bios": "seabios",
            "boot": " ",
            "bootdisk": "",
            "ci_wait": null,
            "cicustom": null,
            "cipassword": "$5$/HZS4GxE$N13RjjmJU/iXn2g9hjK.7z52TdMa981KZiaGj6l0vm8",
            "ciupgrade": false,
            "ciuser": "root",
            "clone": "t-centos9-86",
            "clone_wait": 30,
            "cores": 2,
            "cpu": "host",
            "default_ipv4_address": "10.200.0.33",
            "default_ipv6_address": "",
            "define_connection_info": true,
            "desc": "",
            "disk": [],
            "disks": [
              {
                "ide": [
                  {
                    "ide0": [],
                    "ide1": [
                      {
                        "cdrom": [],
                        "cloudinit": [
                          {
                            "storage": "local"
                          }
                        ],
                        "disk": [],
                        "passthrough": []
                      }
                    ],
                    "ide2": [],
                    "ide3": []
                  }
                ],
                "sata": [],
                "scsi": [],
                "virtio": [
                  {
                    "virtio0": [
                      {
                        "cdrom": [],
                        "disk": [
                          {
                            "asyncio": "",
                            "backup": true,
                            "cache": "",
                            "discard": false,
                            "format": "raw",
                            "id": 0,
                            "iops_r_burst": 0,
                            "iops_r_burst_length": 0,
                            "iops_r_concurrent": 0,
                            "iops_wr_burst": 0,
                            "iops_wr_burst_length": 0,
                            "iops_wr_concurrent": 0,
                            "iothread": false,
                            "linked_disk_id": -1,
                            "mbps_r_burst": 0,
                            "mbps_r_concurrent": 0,
                            "mbps_wr_burst": 0,
                            "mbps_wr_concurrent": 0,
                            "readonly": false,
                            "replicate": false,
                            "serial": "",
                            "size": "32G",
                            "storage": "local",
                            "wwn": ""
                          }
                        ],
                        "passthrough": []
                      }
                    ],
                    "virtio1": [],
                    "virtio10": [],
                    "virtio11": [],
                    "virtio12": [],
                    "virtio13": [],
                    "virtio14": [],
                    "virtio15": [],
                    "virtio2": [],
                    "virtio3": [],
                    "virtio4": [],
                    "virtio5": [],
                    "virtio6": [],
                    "virtio7": [],
                    "virtio8": [],
                    "virtio9": []
                  }
                ]
              }
            ],
            "efidisk": [],
            "force_create": false,
            "force_recreate_on_change_of": null,
            "full_clone": true,
            "hagroup": "",
            "hastate": "",
            "hostpci": [],
            "hotplug": "network,disk,usb",
            "id": "thinkcentre/qemu/15697",
            "ipconfig0": "ip=10.200.0.33/24,gw=10.200.0.254",
            "ipconfig1": null,
            "ipconfig10": null,
            "ipconfig11": null,
            "ipconfig12": null,
            "ipconfig13": null,
            "ipconfig14": null,
            "ipconfig15": null,
            "ipconfig2": null,
            "ipconfig3": null,
            "ipconfig4": null,
            "ipconfig5": null,
            "ipconfig6": null,
            "ipconfig7": null,
            "ipconfig8": null,
            "ipconfig9": null,
            "kvm": true,
            "linked_vmid": 0,
            "machine": "",
            "memory": 4096,
            "name": "kube-master-5qrqn91v01i4",
            "nameserver": "8.8.8.8",
            "network": [
              {
                "bridge": "vmbr0",
                "firewall": false,
                "link_down": false,
                "macaddr": "DA:59:D1:00:E7:18",
                "model": "virtio",
                "mtu": 0,
                "queues": 0,
                "rate": 0,
                "tag": -1
              }
            ],
            "numa": false,
            "onboot": true,
            "os_network_config": null,
            "os_type": null,
            "pool": "",
            "protection": false,
            "pxe": null,
            "qemu_os": "other",
            "reboot_required": false,
            "scsihw": "virtio-scsi-pci",
            "searchdomain": "localhost.localdomain",
            "serial": [
              {
                "id": 0,
                "type": "socket"
              }
            ],
            "skip_ipv4": false,
            "skip_ipv6": false,
            "smbios": [
              {
                "family": "",
                "manufacturer": "",
                "product": "",
                "serial": "",
                "sku": "",
                "uuid": "3d4e3309-f660-403d-bf46-6ccb75ab2e0c",
                "version": ""
              }
            ],
            "sockets": 1,
            "ssh_forward_ip": null,
            "ssh_host": "10.200.0.33",
            "ssh_port": "22",
            "ssh_private_key": null,
            "ssh_user": null,
            "sshkeys": "ssh-rsa AAAAB3NzaC1yc2EAAAADAQABAAABgQCimmpqbCVR2pFNWmVbNuwpVSqkZSrINkmLrc1NFLqKUDYtNP8l65PbwcfN/y/Htpy1D7SpB1KrgUJR7CLtb759SUOL/+2C38qwnVItXvjsQDmnBR4VdZjcfLuDJVKjA+Dm3L7KkV3tyHmLnzkOkeM4lR3U2AAnyYqoFQ3U1yhra38z/VN8EYxSW07BUa0AeqwtfE48KMUWGUSQvl7DFOgS250IVAiUhmORY6V/YIeBmY2wQz6dESM2rd9C+DoSdOroTxiK9VRl5+yiXDRMdPHmlYoLA/uRFECO2lUE6qieAKPSentRXHL4x1SYRiiaTVGBMoqHHPr8SxMVqYkaIFJAwHPef/JSO3TlKHFhMRksgzrt/8HvJyps+ln4MwMk7WwJJNBLT+uxXZgulZ9DFLCcxW7MlqMFViEUprFosPEXKbRKs3i322Xnnr2nkd1mHiAQHbkeW6pS0KDkqy/SOJ8JTErveHA7QRZmeoMsWilbsB69aOX1N+sdVhHTvT6lkvM= root@bastion\nssh-rsa AAAAB3NzaC1yc2EAAAADAQABAAABgQDXuKLSiMAJFyGFt8AtQOYXGXuCppMMXrccjtT/BbuSVyyh20h1j+glVJX/6D0EapAy/nY+z/R13mVD3sUhovmOQttG6uCv9LGcGYMLJePTyT3Vzf/kZ66cK1q/iTdkmc9IqddjLX+MEzAmlcYs+CDFal/o+ZMeQLxLHORWWSwo/JTXOlgO/hQ2fgsNkxurfMGWVzntNr1GU+I1B59n1cXD7tzD/6CLklGDKMDBr8kOfkG/1dD2KBRHgUJ9pf0pD3ShK/KZGjN9Qru/to0t+XzW3G1eVfByqwxReQCDJlO/J+cln6wy5khY+DurIhgB6cenIvI0sDhT9nubKF4vgrDnK3aDJzgUmLv5/FKbbSvn2n2I1pg/hcAwgzMNd+plzEUUaTaoETjZyexYGIAqPVL7JmiyklTfvR5WaBDjcdaLNWHPyH0dXVa2I8BOo2A0B6zMXeErm2PjACn+maiBv0oJ3rPCC/S7HBof6wfFVDU+lnyKJEQlM3tRpCYsubujI7k= root@cicd\nssh-rsa AAAAB3NzaC1yc2EAAAADAQABAAABgQC1h/Ehx1Z6RvF5BAFFzSz0E4onUaUam3JYEnJs24UziiI6ww0XPVgvQTqIqBb3nGjrlQ+sSswXhjt/MQk7SimaELtF5YSzvO8Zp81f0cIA5wByUjJ2YGJkvEB8RW7/QwGcU5PEEjICC5Goy3XPlUgVUeOWKNALzIPVpW8gx2x9BGG23YPFMXmjrD9CaNBhnEvEByiltFvIrYkwcniKvI3XvfuZOUHOnoIQgEWtp63IwtQH3jnurViAxeDA/Uz7xG0SKrZV/neALBHoOQ8HFnzt/0x8XIyuUa0tOxE7KVukFZEB09m64PBxk3nvutexUXlk4JH8CvKLl3TseawaQyKbizL3XtYxD/ANqyXuTUxprFfj5N/YBaAage8xz9v3jungFht67USp6SayGHQJNUPTVj/VVZVoS6ReeYocqlkxS+tZEGFMWjgpu+7/wO7i8oXTSKFEXrRRycqX955Rqcgf+L0ean+JQelwXGoUrsftDAQLxRUYPooD+Zn6+NJqJK8= jenkins@cicd",
            "startup": "order=1,up=30",
            "tablet": true,
            "tags": "kube-master;terraform",
            "target_node": "thinkcentre",
            "target_nodes": null,
            "timeouts": null,
            "unused_disk": [],
            "usb": [],
            "vcpus": 2,
            "vga": [],
            "vm_state": "running",
            "vmid": 15697
          },
          "sensitive_attributes": [
            [
              {
                "type": "get_attr",
                "value": "cipassword"
              }
            ],
            [
              {
                "type": "get_attr",
                "value": "ssh_private_key"
              }
            ]
          ],
          "identity_schema_version": 0,
          "private": "eyJlMmJmYjczMC1lY2FhLTExZTYtOGY4OC0zNDM2M2JjN2M0YzAiOnsiY3JlYXRlIjoxMjAwMDAwMDAwMDAwLCJkZWZhdWx0IjoxMjAwMDAwMDAwMDAwLCJkZWxldGUiOjEyMDAwMDAwMDAwMDAsInJlYWQiOjEyMDAwMDAwMDAwMDAsInVwZGF0ZSI6MTIwMDAwMDAwMDAwMH19",
          "dependencies": [
            "random_integer.ip_base",
            "random_integer.vmid_base",
            "random_string.vm_suffix"
          ]
        },
        {
          "index_key": "kube-worker01",
          "schema_version": 0,
          "attributes": {
            "additional_wait": 30,
            "agent": 1,
            "agent_timeout": null,
            "args": "",
            "automatic_reboot": true,
            "balloon": 0,
            "bios": "seabios",
            "boot": " ",
            "bootdisk": "",
            "ci_wait": null,
            "cicustom": null,
            "cipassword": "$5$/HZS4GxE$N13RjjmJU/iXn2g9hjK.7z52TdMa981KZiaGj6l0vm8",
            "ciupgrade": false,
            "ciuser": "root",
            "clone": "t-centos9-86",
            "clone_wait": 30,
            "cores": 2,
            "cpu": "host",
            "default_ipv4_address": "10.200.0.34",
            "default_ipv6_address": "",
            "define_connection_info": true,
            "desc": "",
            "disk": [],
            "disks": [
              {
                "ide": [
                  {
                    "ide0": [],
                    "ide1": [
                      {
                        "cdrom": [],
                        "cloudinit": [
                          {
                            "storage": "local"
                          }
                        ],
                        "disk": [],
                        "passthrough": []
                      }
                    ],
                    "ide2": [],
                    "ide3": []
                  }
                ],
                "sata": [],
                "scsi": [],
                "virtio": [
                  {
                    "virtio0": [
                      {
                        "cdrom": [],
                        "disk": [
                          {
                            "asyncio": "",
                            "backup": true,
                            "cache": "",
                            "discard": false,
                            "format": "raw",
                            "id": 0,
                            "iops_r_burst": 0,
                            "iops_r_burst_length": 0,
                            "iops_r_concurrent": 0,
                            "iops_wr_burst": 0,
                            "iops_wr_burst_length": 0,
                            "iops_wr_concurrent": 0,
                            "iothread": false,
                            "linked_disk_id": -1,
                            "mbps_r_burst": 0,
                            "mbps_r_concurrent": 0,
                            "mbps_wr_burst": 0,
                            "mbps_wr_concurrent": 0,
                            "readonly": false,
                            "replicate": false,
                            "serial": "",
                            "size": "32G",
                            "storage": "local",
                            "wwn": ""
                          }
                        ],
                        "passthrough": []
                      }
                    ],
                    "virtio1": [],
                    "virtio10": [],
                    "virtio11": [],
                    "virtio12": [],
                    "virtio13": [],
                    "virtio14": [],
                    "virtio15": [],
                    "virtio2": [],
                    "virtio3": [],
                    "virtio4": [],
                    "virtio5": [],
                    "virtio6": [],
                    "virtio7": [],
                    "virtio8": [],
                    "virtio9": []
                  }
                ]
              }
            ],
            "efidisk": [],
            "force_create": false,
            "force_recreate_on_change_of": null,
            "full_clone": true,
            "hagroup": "",
            "hastate": "",
            "hostpci": [],
            "hotplug": "network,disk,usb",
            "id": "thinkcentre/qemu/15698",
            "ipconfig0": "ip=10.200.0.34/24,gw=10.200.0.254",
            "ipconfig1": null,
            "ipconfig10": null,
            "ipconfig11": null,
            "ipconfig12": null,
            "ipconfig13": null,
            "ipconfig14": null,
            "ipconfig15": null,
            "ipconfig2": null,
            "ipconfig3": null,
            "ipconfig4": null,
            "ipconfig5": null,
            "ipconfig6": null,
            "ipconfig7": null,
            "ipconfig8": null,
            "ipconfig9": null,
            "kvm": true,
            "linked_vmid": 0,
            "machine": "",
            "memory": 4096,
            "name": "kube-worker01-5qrqn91v01i4",
            "nameserver": "8.8.8.8",
            "network": [
              {
                "bridge": "vmbr0",
                "firewall": false,
                "link_down": false,
                "macaddr": "7E:46:26:0C:8C:08",
                "model": "virtio",
                "mtu": 0,
                "queues": 0,
                "rate": 0,
                "tag": -1
              }
            ],
            "numa": false,
            "onboot": true,
            "os_network_config": null,
            "os_type": null,
            "pool": "",
            "protection": false,
            "pxe": null,
            "qemu_os": "other",
            "reboot_required": false,
            "scsihw": "virtio-scsi-pci",
            "searchdomain": "localhost.localdomain",
            "serial": [
              {
                "id": 0,
                "type": "socket"
              }
            ],
            "skip_ipv4": false,
            "skip_ipv6": false,
            "smbios": [
              {
                "family": "",
                "manufacturer": "",
                "product": "",
                "serial": "",
                "sku": "",
                "uuid": "5e223e40-a6fa-4d0e-835f-e5733a3c71a1",
                "version": ""
              }
            ],
            "sockets": 1,
            "ssh_forward_ip": null,
            "ssh_host": "10.200.0.34",
            "ssh_port": "22",
            "ssh_private_key": null,
            "ssh_user": null,
            "sshkeys": "ssh-rsa AAAAB3NzaC1yc2EAAAADAQABAAABgQCimmpqbCVR2pFNWmVbNuwpVSqkZSrINkmLrc1NFLqKUDYtNP8l65PbwcfN/y/Htpy1D7SpB1KrgUJR7CLtb759SUOL/+2C38qwnVItXvjsQDmnBR4VdZjcfLuDJVKjA+Dm3L7KkV3tyHmLnzkOkeM4lR3U2AAnyYqoFQ3U1yhra38z/VN8EYxSW07BUa0AeqwtfE48KMUWGUSQvl7DFOgS250IVAiUhmORY6V/YIeBmY2wQz6dESM2rd9C+DoSdOroTxiK9VRl5+yiXDRMdPHmlYoLA/uRFECO2lUE6qieAKPSentRXHL4x1SYRiiaTVGBMoqHHPr8SxMVqYkaIFJAwHPef/JSO3TlKHFhMRksgzrt/8HvJyps+ln4MwMk7WwJJNBLT+uxXZgulZ9DFLCcxW7MlqMFViEUprFosPEXKbRKs3i322Xnnr2nkd1mHiAQHbkeW6pS0KDkqy/SOJ8JTErveHA7QRZmeoMsWilbsB69aOX1N+sdVhHTvT6lkvM= root@bastion\nssh-rsa AAAAB3NzaC1yc2EAAAADAQABAAABgQDXuKLSiMAJFyGFt8AtQOYXGXuCppMMXrccjtT/BbuSVyyh20h1j+glVJX/6D0EapAy/nY+z/R13mVD3sUhovmOQttG6uCv9LGcGYMLJePTyT3Vzf/kZ66cK1q/iTdkmc9IqddjLX+MEzAmlcYs+CDFal/o+ZMeQLxLHORWWSwo/JTXOlgO/hQ2fgsNkxurfMGWVzntNr1GU+I1B59n1cXD7tzD/6CLklGDKMDBr8kOfkG/1dD2KBRHgUJ9pf0pD3ShK/KZGjN9Qru/to0t+XzW3G1eVfByqwxReQCDJlO/J+cln6wy5khY+DurIhgB6cenIvI0sDhT9nubKF4vgrDnK3aDJzgUmLv5/FKbbSvn2n2I1pg/hcAwgzMNd+plzEUUaTaoETjZyexYGIAqPVL7JmiyklTfvR5WaBDjcdaLNWHPyH0dXVa2I8BOo2A0B6zMXeErm2PjACn+maiBv0oJ3rPCC/S7HBof6wfFVDU+lnyKJEQlM3tRpCYsubujI7k= root@cicd\nssh-rsa AAAAB3NzaC1yc2EAAAADAQABAAABgQC1h/Ehx1Z6RvF5BAFFzSz0E4onUaUam3JYEnJs24UziiI6ww0XPVgvQTqIqBb3nGjrlQ+sSswXhjt/MQk7SimaELtF5YSzvO8Zp81f0cIA5wByUjJ2YGJkvEB8RW7/QwGcU5PEEjICC5Goy3XPlUgVUeOWKNALzIPVpW8gx2x9BGG23YPFMXmjrD9CaNBhnEvEByiltFvIrYkwcniKvI3XvfuZOUHOnoIQgEWtp63IwtQH3jnurViAxeDA/Uz7xG0SKrZV/neALBHoOQ8HFnzt/0x8XIyuUa0tOxE7KVukFZEB09m64PBxk3nvutexUXlk4JH8CvKLl3TseawaQyKbizL3XtYxD/ANqyXuTUxprFfj5N/YBaAage8xz9v3jungFht67USp6SayGHQJNUPTVj/VVZVoS6ReeYocqlkxS+tZEGFMWjgpu+7/wO7i8oXTSKFEXrRRycqX955Rqcgf+L0ean+JQelwXGoUrsftDAQLxRUYPooD+Zn6+NJqJK8= jenkins@cicd",
            "startup": "order=1,up=30",
            "tablet": true,
            "tags": "kube-worker01;terraform",
            "target_node": "thinkcentre",
            "target_nodes": null,
            "timeouts": null,
            "unused_disk": [],
            "usb": [],
            "vcpus": 2,
            "vga": [],
            "vm_state": "running",
            "vmid": 15698
          },
          "sensitive_attributes": [
            [
              {
                "type": "get_attr",
                "value": "cipassword"
              }
            ],
            [
              {
                "type": "get_attr",
                "value": "ssh_private_key"
              }
            ]
          ],
          "identity_schema_version": 0,
          "private": "eyJlMmJmYjczMC1lY2FhLTExZTYtOGY4OC0zNDM2M2JjN2M0YzAiOnsiY3JlYXRlIjoxMjAwMDAwMDAwMDAwLCJkZWZhdWx0IjoxMjAwMDAwMDAwMDAwLCJkZWxldGUiOjEyMDAwMDAwMDAwMDAsInJlYWQiOjEyMDAwMDAwMDAwMDAsInVwZGF0ZSI6MTIwMDAwMDAwMDAwMH19",
          "dependencies": [
            "random_integer.ip_base",
            "random_integer.vmid_base",
            "random_string.vm_suffix"
          ]
        },
        {
          "index_key": "kube-worker02",
          "schema_version": 0,
          "attributes": {
            "additional_wait": 30,
            "agent": 1,
            "agent_timeout": null,
            "args": "",
            "automatic_reboot": true,
            "balloon": 0,
            "bios": "seabios",
            "boot": " ",
            "bootdisk": "",
            "ci_wait": null,
            "cicustom": null,
            "cipassword": "$5$/HZS4GxE$N13RjjmJU/iXn2g9hjK.7z52TdMa981KZiaGj6l0vm8",
            "ciupgrade": false,
            "ciuser": "root",
            "clone": "t-centos9-86",
            "clone_wait": 30,
            "cores": 2,
            "cpu": "host",
            "default_ipv4_address": "10.200.0.35",
            "default_ipv6_address": "",
            "define_connection_info": true,
            "desc": "",
            "disk": [],
            "disks": [
              {
                "ide": [
                  {
                    "ide0": [],
                    "ide1": [
                      {
                        "cdrom": [],
                        "cloudinit": [
                          {
                            "storage": "local"
                          }
                        ],
                        "disk": [],
                        "passthrough": []
                      }
                    ],
                    "ide2": [],
                    "ide3": []
                  }
                ],
                "sata": [],
                "scsi": [],
                "virtio": [
                  {
                    "virtio0": [
                      {
                        "cdrom": [],
                        "disk": [
                          {
                            "asyncio": "",
                            "backup": true,
                            "cache": "",
                            "discard": false,
                            "format": "raw",
                            "id": 0,
                            "iops_r_burst": 0,
                            "iops_r_burst_length": 0,
                            "iops_r_concurrent": 0,
                            "iops_wr_burst": 0,
                            "iops_wr_burst_length": 0,
                            "iops_wr_concurrent": 0,
                            "iothread": false,
                            "linked_disk_id": -1,
                            "mbps_r_burst": 0,
                            "mbps_r_concurrent": 0,
                            "mbps_wr_burst": 0,
                            "mbps_wr_concurrent": 0,
                            "readonly": false,
                            "replicate": false,
                            "serial": "",
                            "size": "32G",
                            "storage": "local",
                            "wwn": ""
                          }
                        ],
                        "passthrough": []
                      }
                    ],
                    "virtio1": [],
                    "virtio10": [],
                    "virtio11": [],
                    "virtio12": [],
                    "virtio13": [],
                    "virtio14": [],
                    "virtio15": [],
                    "virtio2": [],
                    "virtio3": [],
                    "virtio4": [],
                    "virtio5": [],
                    "virtio6": [],
                    "virtio7": [],
                    "virtio8": [],
                    "virtio9": []
                  }
                ]
              }
            ],
            "efidisk": [],
            "force_create": false,
            "force_recreate_on_change_of": null,
            "full_clone": true,
            "hagroup": "",
            "hastate": "",
            "hostpci": [],
            "hotplug": "network,disk,usb",
            "id": "thinkcentre/qemu/15699",
            "ipconfig0": "ip=10.200.0.35/24,gw=10.200.0.254",
            "ipconfig1": null,
            "ipconfig10": null,
            "ipconfig11": null,
            "ipconfig12": null,
            "ipconfig13": null,
            "ipconfig14": null,
            "ipconfig15": null,
            "ipconfig2": null,
            "ipconfig3": null,
            "ipconfig4": null,
            "ipconfig5": null,
            "ipconfig6": null,
            "ipconfig7": null,
            "ipconfig8": null,
            "ipconfig9": null,
            "kvm": true,
            "linked_vmid": 0,
            "machine": "",
            "memory": 4096,
            "name": "kube-worker02-5qrqn91v01i4",
            "nameserver": "8.8.8.8",
            "network": [
              {
                "bridge": "vmbr0",
                "firewall": false,
                "link_down": false,
                "macaddr": "A2:E9:09:2B:4D:37",
                "model": "virtio",
                "mtu": 0,
                "queues": 0,
                "rate": 0,
                "tag": -1
              }
            ],
            "numa": false,
            "onboot": true,
            "os_network_config": null,
            "os_type": null,
            "pool": "",
            "protection": false,
            "pxe": null,
            "qemu_os": "other",
            "reboot_required": false,
            "scsihw": "virtio-scsi-pci",
            "searchdomain": "localhost.localdomain",
            "serial": [
              {
                "id": 0,
                "type": "socket"
              }
            ],
            "skip_ipv4": false,
            "skip_ipv6": false,
            "smbios": [
              {
                "family": "",
                "manufacturer": "",
                "product": "",
                "serial": "",
                "sku": "",
                "uuid": "1c3bb4e4-0335-4e24-8c4a-a7b016f223f9",
                "version": ""
              }
            ],
            "sockets": 1,
            "ssh_forward_ip": null,
            "ssh_host": "10.200.0.35",
            "ssh_port": "22",
            "ssh_private_key": null,
            "ssh_user": null,
            "sshkeys": "ssh-rsa AAAAB3NzaC1yc2EAAAADAQABAAABgQCimmpqbCVR2pFNWmVbNuwpVSqkZSrINkmLrc1NFLqKUDYtNP8l65PbwcfN/y/Htpy1D7SpB1KrgUJR7CLtb759SUOL/+2C38qwnVItXvjsQDmnBR4VdZjcfLuDJVKjA+Dm3L7KkV3tyHmLnzkOkeM4lR3U2AAnyYqoFQ3U1yhra38z/VN8EYxSW07BUa0AeqwtfE48KMUWGUSQvl7DFOgS250IVAiUhmORY6V/YIeBmY2wQz6dESM2rd9C+DoSdOroTxiK9VRl5+yiXDRMdPHmlYoLA/uRFECO2lUE6qieAKPSentRXHL4x1SYRiiaTVGBMoqHHPr8SxMVqYkaIFJAwHPef/JSO3TlKHFhMRksgzrt/8HvJyps+ln4MwMk7WwJJNBLT+uxXZgulZ9DFLCcxW7MlqMFViEUprFosPEXKbRKs3i322Xnnr2nkd1mHiAQHbkeW6pS0KDkqy/SOJ8JTErveHA7QRZmeoMsWilbsB69aOX1N+sdVhHTvT6lkvM= root@bastion\nssh-rsa AAAAB3NzaC1yc2EAAAADAQABAAABgQDXuKLSiMAJFyGFt8AtQOYXGXuCppMMXrccjtT/BbuSVyyh20h1j+glVJX/6D0EapAy/nY+z/R13mVD3sUhovmOQttG6uCv9LGcGYMLJePTyT3Vzf/kZ66cK1q/iTdkmc9IqddjLX+MEzAmlcYs+CDFal/o+ZMeQLxLHORWWSwo/JTXOlgO/hQ2fgsNkxurfMGWVzntNr1GU+I1B59n1cXD7tzD/6CLklGDKMDBr8kOfkG/1dD2KBRHgUJ9pf0pD3ShK/KZGjN9Qru/to0t+XzW3G1eVfByqwxReQCDJlO/J+cln6wy5khY+DurIhgB6cenIvI0sDhT9nubKF4vgrDnK3aDJzgUmLv5/FKbbSvn2n2I1pg/hcAwgzMNd+plzEUUaTaoETjZyexYGIAqPVL7JmiyklTfvR5WaBDjcdaLNWHPyH0dXVa2I8BOo2A0B6zMXeErm2PjACn+maiBv0oJ3rPCC/S7HBof6wfFVDU+lnyKJEQlM3tRpCYsubujI7k= root@cicd\nssh-rsa AAAAB3NzaC1yc2EAAAADAQABAAABgQC1h/Ehx1Z6RvF5BAFFzSz0E4onUaUam3JYEnJs24UziiI6ww0XPVgvQTqIqBb3nGjrlQ+sSswXhjt/MQk7SimaELtF5YSzvO8Zp81f0cIA5wByUjJ2YGJkvEB8RW7/QwGcU5PEEjICC5Goy3XPlUgVUeOWKNALzIPVpW8gx2x9BGG23YPFMXmjrD9CaNBhnEvEByiltFvIrYkwcniKvI3XvfuZOUHOnoIQgEWtp63IwtQH3jnurViAxeDA/Uz7xG0SKrZV/neALBHoOQ8HFnzt/0x8XIyuUa0tOxE7KVukFZEB09m64PBxk3nvutexUXlk4JH8CvKLl3TseawaQyKbizL3XtYxD/ANqyXuTUxprFfj5N/YBaAage8xz9v3jungFht67USp6SayGHQJNUPTVj/VVZVoS6ReeYocqlkxS+tZEGFMWjgpu+7/wO7i8oXTSKFEXrRRycqX955Rqcgf+L0ean+JQelwXGoUrsftDAQLxRUYPooD+Zn6+NJqJK8= jenkins@cicd",
            "startup": "order=1,up=30",
            "tablet": true,
            "tags": "kube-worker02;terraform",
            "target_node": "thinkcentre",
            "target_nodes": null,
            "timeouts": null,
            "unused_disk": [],
            "usb": [],
            "vcpus": 2,
            "vga": [],
            "vm_state": "running",
            "vmid": 15699
          },
          "sensitive_attributes": [
            [
              {
                "type": "get_attr",
                "value": "cipassword"
              }
            ],
            [
              {
                "type": "get_attr",
                "value": "ssh_private_key"
              }
            ]
          ],
          "identity_schema_version": 0,
          "private": "eyJlMmJmYjczMC1lY2FhLTExZTYtOGY4OC0zNDM2M2JjN2M0YzAiOnsiY3JlYXRlIjoxMjAwMDAwMDAwMDAwLCJkZWZhdWx0IjoxMjAwMDAwMDAwMDAwLCJkZWxldGUiOjEyMDAwMDAwMDAwMDAsInJlYWQiOjEyMDAwMDAwMDAwMDAsInVwZGF0ZSI6MTIwMDAwMDAwMDAwMH19",
          "dependencies": [
            "random_integer.ip_base",
            "random_integer.vmid_base",
            "random_string.vm_suffix"
          ]
        }
      ]
    },
    {
      "mode": "managed",
      "type": "random_integer",
      "name": "ip_base",
      "provider": "provider[\"registry.terraform.io/hashicorp/random\"]",
      "instances": [
        {
          "schema_version": 0,
          "attributes": {
            "id": "33",
            "keepers": null,
            "max": 200,
            "min": 30,
            "result": 33,
            "seed": null
          },
          "sensitive_attributes": [],
          "identity_schema_version": 0
        }
      ]
    },
    {
      "mode": "managed",
      "type": "random_integer",
      "name": "vmid_base",
      "provider": "provider[\"registry.terraform.io/hashicorp/random\"]",
      "instances": [
        {
          "schema_version": 0,
          "attributes": {
            "id": "15697",
            "keepers": null,
            "max": 19000,
            "min": 10000,
            "result": 15697,
            "seed": null
          },
          "sensitive_attributes": [],
          "identity_schema_version": 0
        }
      ]
    },
    {
      "mode": "managed",
      "type": "random_string",
      "name": "vm_suffix",
      "provider": "provider[\"registry.terraform.io/hashicorp/random\"]",
      "instances": [
        {
          "schema_version": 2,
          "attributes": {
            "id": "5qrqn91v01i4",
            "keepers": null,
            "length": 12,
            "lower": true,
            "min_lower": 0,
            "min_numeric": 0,
            "min_special": 0,
            "min_upper": 0,
            "number": true,
            "numeric": true,
            "override_special": null,
            "result": "5qrqn91v01i4",
            "special": false,
            "upper": false
          },
          "sensitive_attributes": [],
          "identity_schema_version": 0
        }
      ]
    }
  ],
  "check_results": null
}
